
Microsoft Visual Studio Solution File, Format Version 12.00
# Visual Studio 15
VisualStudioVersion = 15.0.28307.1145
MinimumVisualStudioVersion = 10.0.40219.1
Project("{FAE04EC0-301F-11D3-BF4B-00C04F79EFBC}") = "c-project", "c-project\c-project.csproj", "{4F1CBC36-890A-4873-95C2-6182982DCB1B}"
EndProject
Global
	GlobalSection(SolutionConfigurationPlatforms) = preSolution
		Debug|Any CPU = Debug|Any CPU
		Release|Any CPU = Release|Any CPU
	EndGlobalSection
	GlobalSection(ProjectConfigurationPlatforms) = postSolution
		{4F1CBC36-890A-4873-95C2-6182982DCB1B}.Debug|Any CPU.ActiveCfg = Debug|Any CPU
		{4F1CBC36-890A-4873-95C2-6182982DCB1B}.Debug|Any CPU.Build.0 = Debug|Any CPU
		{4F1CBC36-890A-4873-95C2-6182982DCB1B}.Release|Any CPU.ActiveCfg = Release|Any CPU
		{4F1CBC36-890A-4873-95C2-6182982DCB1B}.Release|Any CPU.Build.0 = Release|Any CPU
	EndGlobalSection
	GlobalSection(SolutionProperties) = preSolution
		HideSolutionNode = FALSE
	EndGlobalSection
	GlobalSection(ExtensibilityGlobals) = postSolution
		SolutionGuid = {A1DABBCB-A39A-4FA8-B4F3-54DA6A099AA4}
	EndGlobalSection
EndGlobal
